
Microsoft Visual Studio Solution File, Format Version 12.00
# Visual Studio Version 17
VisualStudioVersion = 17.12.35527.113 d17.12
MinimumVisualStudioVersion = 10.0.40219.1
Project("{FAE04EC0-301F-11D3-BF4B-00C04F79EFBC}") = "BookWepApi", "BookWepApi\BookWepApi.csproj", "{EE3973FC-1966-4771-A740-C127C151BAEC}"
EndProject
Global
	GlobalSection(SolutionConfigurationPlatforms) = preSolution
		Debug|Any CPU = Debug|Any CPU
		Release|Any CPU = Release|Any CPU
	EndGlobalSection
	GlobalSection(ProjectConfigurationPlatforms) = postSolution
		{EE3973FC-1966-4771-A740-C127C151BAEC}.Debug|Any CPU.ActiveCfg = Debug|Any CPU
		{EE3973FC-1966-4771-A740-C127C151BAEC}.Debug|Any CPU.Build.0 = Debug|Any CPU
		{EE3973FC-1966-4771-A740-C127C151BAEC}.Release|Any CPU.ActiveCfg = Release|Any CPU
		{EE3973FC-1966-4771-A740-C127C151BAEC}.Release|Any CPU.Build.0 = Release|Any CPU
	EndGlobalSection
	GlobalSection(SolutionProperties) = preSolution
		HideSolutionNode = FALSE
	EndGlobalSection
EndGlobal
